// !$*UTF8*$!
{
	archiveVersion = 1;
	classes = {
	};
	objectVersion = 56;
	objects = {

/* Begin PBXBuildFile section */
		8A391B7B29F9B54400281F1B /* AppDelegate.swift in Sources */ = {isa = PBXBuildFile; fileRef = 8A391B7A29F9B54400281F1B /* AppDelegate.swift */; };
		8A391B7D29F9B54400281F1B /* SceneDelegate.swift in Sources */ = {isa = PBXBuildFile; fileRef = 8A391B7C29F9B54400281F1B /* SceneDelegate.swift */; };
		8A391B7F29F9B54400281F1B /* RMTabViewController.swift in Sources */ = {isa = PBXBuildFile; fileRef = 8A391B7E29F9B54400281F1B /* RMTabViewController.swift */; };
		8A391B8429F9B54600281F1B /* Assets.xcassets in Resources */ = {isa = PBXBuildFile; fileRef = 8A391B8329F9B54600281F1B /* Assets.xcassets */; };
		8A391B8729F9B54600281F1B /* LaunchScreen.storyboard in Resources */ = {isa = PBXBuildFile; fileRef = 8A391B8529F9B54600281F1B /* LaunchScreen.storyboard */; };
		8A391B9629F9B69D00281F1B /* RMLocation.swift in Sources */ = {isa = PBXBuildFile; fileRef = 8A391B9529F9B69D00281F1B /* RMLocation.swift */; };
		8A391B9829F9B6C500281F1B /* RMCharacter.swift in Sources */ = {isa = PBXBuildFile; fileRef = 8A391B9729F9B6C500281F1B /* RMCharacter.swift */; };
		8A391B9A29F9B6DE00281F1B /* RMEpisode.swift in Sources */ = {isa = PBXBuildFile; fileRef = 8A391B9929F9B6DE00281F1B /* RMEpisode.swift */; };
		8A391BA029F9B76600281F1B /* RMCharacterViewController.swift in Sources */ = {isa = PBXBuildFile; fileRef = 8A391B9F29F9B76600281F1B /* RMCharacterViewController.swift */; };
		8A391BA229F9B78800281F1B /* RMLocationViewController.swift in Sources */ = {isa = PBXBuildFile; fileRef = 8A391BA129F9B78800281F1B /* RMLocationViewController.swift */; };
		8A391BA429F9B7AE00281F1B /* RMEpisodeViewController.swift in Sources */ = {isa = PBXBuildFile; fileRef = 8A391BA329F9B7AE00281F1B /* RMEpisodeViewController.swift */; };
		8A391BA629F9B7E300281F1B /* RMSettingsViewController.swift in Sources */ = {isa = PBXBuildFile; fileRef = 8A391BA529F9B7E300281F1B /* RMSettingsViewController.swift */; };
		8A391BA829F9BF4800281F1B /* RMTableViewController.swift in Sources */ = {isa = PBXBuildFile; fileRef = 8A391BA729F9BF4800281F1B /* RMTableViewController.swift */; };
		8A6E85CA2A04268700644761 /* RMService.swift in Sources */ = {isa = PBXBuildFile; fileRef = 8A6E85C92A04268700644761 /* RMService.swift */; };
		8A6E85CC2A04269B00644761 /* RMRequest.swift in Sources */ = {isa = PBXBuildFile; fileRef = 8A6E85CB2A04269B00644761 /* RMRequest.swift */; };
		8A6E85CE2A0426AF00644761 /* RMEndPoint.swift in Sources */ = {isa = PBXBuildFile; fileRef = 8A6E85CD2A0426AF00644761 /* RMEndPoint.swift */; };
		8A6E85D02A04380300644761 /* RMOrign.swift in Sources */ = {isa = PBXBuildFile; fileRef = 8A6E85CF2A04380300644761 /* RMOrign.swift */; };
		8A6E85D22A04389D00644761 /* RMSingleLocation.swift in Sources */ = {isa = PBXBuildFile; fileRef = 8A6E85D12A04389D00644761 /* RMSingleLocation.swift */; };
		8A6E85D62A04408100644761 /* RMCharacterStatus.swift in Sources */ = {isa = PBXBuildFile; fileRef = 8A6E85D52A04408100644761 /* RMCharacterStatus.swift */; };
		8A6E85D82A04419300644761 /* RMCharacterGender.swift in Sources */ = {isa = PBXBuildFile; fileRef = 8A6E85D72A04419300644761 /* RMCharacterGender.swift */; };
/* End PBXBuildFile section */

/* Begin PBXFileReference section */
		8A391B7729F9B54400281F1B /* Rick&Morthy.app */ = {isa = PBXFileReference; explicitFileType = wrapper.application; includeInIndex = 0; path = "Rick&Morthy.app"; sourceTree = BUILT_PRODUCTS_DIR; };
		8A391B7A29F9B54400281F1B /* AppDelegate.swift */ = {isa = PBXFileReference; lastKnownFileType = sourcecode.swift; path = AppDelegate.swift; sourceTree = "<group>"; };
		8A391B7C29F9B54400281F1B /* SceneDelegate.swift */ = {isa = PBXFileReference; lastKnownFileType = sourcecode.swift; path = SceneDelegate.swift; sourceTree = "<group>"; };
		8A391B7E29F9B54400281F1B /* RMTabViewController.swift */ = {isa = PBXFileReference; lastKnownFileType = sourcecode.swift; path = RMTabViewController.swift; sourceTree = "<group>"; };
		8A391B8329F9B54600281F1B /* Assets.xcassets */ = {isa = PBXFileReference; lastKnownFileType = folder.assetcatalog; path = Assets.xcassets; sourceTree = "<group>"; };
		8A391B8629F9B54600281F1B /* Base */ = {isa = PBXFileReference; lastKnownFileType = file.storyboard; name = Base; path = Base.lproj/LaunchScreen.storyboard; sourceTree = "<group>"; };
		8A391B8829F9B54600281F1B /* Info.plist */ = {isa = PBXFileReference; lastKnownFileType = text.plist.xml; path = Info.plist; sourceTree = "<group>"; };
		8A391B9529F9B69D00281F1B /* RMLocation.swift */ = {isa = PBXFileReference; lastKnownFileType = sourcecode.swift; path = RMLocation.swift; sourceTree = "<group>"; };
		8A391B9729F9B6C500281F1B /* RMCharacter.swift */ = {isa = PBXFileReference; lastKnownFileType = sourcecode.swift; path = RMCharacter.swift; sourceTree = "<group>"; };
		8A391B9929F9B6DE00281F1B /* RMEpisode.swift */ = {isa = PBXFileReference; lastKnownFileType = sourcecode.swift; path = RMEpisode.swift; sourceTree = "<group>"; };
		8A391B9F29F9B76600281F1B /* RMCharacterViewController.swift */ = {isa = PBXFileReference; lastKnownFileType = sourcecode.swift; path = RMCharacterViewController.swift; sourceTree = "<group>"; };
		8A391BA129F9B78800281F1B /* RMLocationViewController.swift */ = {isa = PBXFileReference; lastKnownFileType = sourcecode.swift; path = RMLocationViewController.swift; sourceTree = "<group>"; };
		8A391BA329F9B7AE00281F1B /* RMEpisodeViewController.swift */ = {isa = PBXFileReference; lastKnownFileType = sourcecode.swift; path = RMEpisodeViewController.swift; sourceTree = "<group>"; };
		8A391BA529F9B7E300281F1B /* RMSettingsViewController.swift */ = {isa = PBXFileReference; lastKnownFileType = sourcecode.swift; path = RMSettingsViewController.swift; sourceTree = "<group>"; };
		8A391BA729F9BF4800281F1B /* RMTableViewController.swift */ = {isa = PBXFileReference; lastKnownFileType = sourcecode.swift; path = RMTableViewController.swift; sourceTree = "<group>"; };
		8A6E85C92A04268700644761 /* RMService.swift */ = {isa = PBXFileReference; lastKnownFileType = sourcecode.swift; path = RMService.swift; sourceTree = "<group>"; };
		8A6E85CB2A04269B00644761 /* RMRequest.swift */ = {isa = PBXFileReference; lastKnownFileType = sourcecode.swift; path = RMRequest.swift; sourceTree = "<group>"; };
		8A6E85CD2A0426AF00644761 /* RMEndPoint.swift */ = {isa = PBXFileReference; lastKnownFileType = sourcecode.swift; path = RMEndPoint.swift; sourceTree = "<group>"; };
		8A6E85CF2A04380300644761 /* RMOrign.swift */ = {isa = PBXFileReference; lastKnownFileType = sourcecode.swift; path = RMOrign.swift; sourceTree = "<group>"; };
		8A6E85D12A04389D00644761 /* RMSingleLocation.swift */ = {isa = PBXFileReference; lastKnownFileType = sourcecode.swift; path = RMSingleLocation.swift; sourceTree = "<group>"; };
		8A6E85D52A04408100644761 /* RMCharacterStatus.swift */ = {isa = PBXFileReference; lastKnownFileType = sourcecode.swift; path = RMCharacterStatus.swift; sourceTree = "<group>"; };
		8A6E85D72A04419300644761 /* RMCharacterGender.swift */ = {isa = PBXFileReference; lastKnownFileType = sourcecode.swift; path = RMCharacterGender.swift; sourceTree = "<group>"; };
/* End PBXFileReference section */

/* Begin PBXFrameworksBuildPhase section */
		8A391B7429F9B54400281F1B /* Frameworks */ = {
			isa = PBXFrameworksBuildPhase;
			buildActionMask = 2147483647;
			files = (
			);
			runOnlyForDeploymentPostprocessing = 0;
		};
/* End PBXFrameworksBuildPhase section */

/* Begin PBXGroup section */
		8A391B6E29F9B54400281F1B = {
			isa = PBXGroup;
			children = (
				8A391B7929F9B54400281F1B /* Rick&Morthy */,
				8A391B7829F9B54400281F1B /* Products */,
			);
			sourceTree = "<group>";
		};
		8A391B7829F9B54400281F1B /* Products */ = {
			isa = PBXGroup;
			children = (
				8A391B7729F9B54400281F1B /* Rick&Morthy.app */,
			);
			name = Products;
			sourceTree = "<group>";
		};
		8A391B7929F9B54400281F1B /* Rick&Morthy */ = {
			isa = PBXGroup;
			children = (
				8A391B9329F9B5D200281F1B /* Resources */,
				8A391B9229F9B5A000281F1B /* Managers */,
				8A391B9129F9B59B00281F1B /* APIClient */,
				8A391B9029F9B58700281F1B /* ViewModels */,
				8A391B8E29F9B56700281F1B /* Views */,
				8A391B9429F9B66C00281F1B /* Models */,
				8A391B9B29F9B6F300281F1B /* Controllers */,
				8A391B8829F9B54600281F1B /* Info.plist */,
			);
			path = "Rick&Morthy";
			sourceTree = "<group>";
		};
		8A391B8E29F9B56700281F1B /* Views */ = {
			isa = PBXGroup;
			children = (
			);
			path = Views;
			sourceTree = "<group>";
		};
		8A391B9029F9B58700281F1B /* ViewModels */ = {
			isa = PBXGroup;
			children = (
			);
			name = ViewModels;
			path = "New Group/New Group/ViewModels";
			sourceTree = "<group>";
		};
		8A391B9129F9B59B00281F1B /* APIClient */ = {
			isa = PBXGroup;
			children = (
				8A6E85C92A04268700644761 /* RMService.swift */,
				8A6E85CB2A04269B00644761 /* RMRequest.swift */,
				8A6E85CD2A0426AF00644761 /* RMEndPoint.swift */,
			);
			path = APIClient;
			sourceTree = "<group>";
		};
		8A391B9229F9B5A000281F1B /* Managers */ = {
			isa = PBXGroup;
			children = (
			);
			name = Managers;
			path = "New Group1/Managers";
			sourceTree = "<group>";
		};
		8A391B9329F9B5D200281F1B /* Resources */ = {
			isa = PBXGroup;
			children = (
				8A391B8329F9B54600281F1B /* Assets.xcassets */,
				8A391B7A29F9B54400281F1B /* AppDelegate.swift */,
				8A391B7C29F9B54400281F1B /* SceneDelegate.swift */,
				8A391B8529F9B54600281F1B /* LaunchScreen.storyboard */,
			);
			path = Resources;
			sourceTree = "<group>";
		};
		8A391B9429F9B66C00281F1B /* Models */ = {
			isa = PBXGroup;
			children = (
				8A391B9729F9B6C500281F1B /* RMCharacter.swift */,
				8A6E85D72A04419300644761 /* RMCharacterGender.swift */,
				8A6E85D52A04408100644761 /* RMCharacterStatus.swift */,
				8A6E85D12A04389D00644761 /* RMSingleLocation.swift */,
				8A6E85CF2A04380300644761 /* RMOrign.swift */,
				8A391B9529F9B69D00281F1B /* RMLocation.swift */,
				8A391B9929F9B6DE00281F1B /* RMEpisode.swift */,
			);
			path = Models;
			sourceTree = "<group>";
		};
		8A391B9B29F9B6F300281F1B /* Controllers */ = {
			isa = PBXGroup;
			children = (
				8A391B9C29F9B71100281F1B /* Core */,
			);
			path = Controllers;
			sourceTree = "<group>";
		};
		8A391B9C29F9B71100281F1B /* Core */ = {
			isa = PBXGroup;
			children = (
				8A391B7E29F9B54400281F1B /* RMTabViewController.swift */,
				8A391B9F29F9B76600281F1B /* RMCharacterViewController.swift */,
				8A391BA129F9B78800281F1B /* RMLocationViewController.swift */,
				8A391BA329F9B7AE00281F1B /* RMEpisodeViewController.swift */,
				8A391BA529F9B7E300281F1B /* RMSettingsViewController.swift */,
				8A391BA729F9BF4800281F1B /* RMTableViewController.swift */,
			);
			path = Core;
			sourceTree = "<group>";
		};
/* End PBXGroup section */

/* Begin PBXNativeTarget section */
		8A391B7629F9B54400281F1B /* Rick&Morthy */ = {
			isa = PBXNativeTarget;
			buildConfigurationList = 8A391B8B29F9B54600281F1B /* Build configuration list for PBXNativeTarget "Rick&Morthy" */;
			buildPhases = (
				8A391B7329F9B54400281F1B /* Sources */,
				8A391B7429F9B54400281F1B /* Frameworks */,
				8A391B7529F9B54400281F1B /* Resources */,
			);
			buildRules = (
			);
			dependencies = (
			);
			name = "Rick&Morthy";
			productName = "Rick&Morthy";
			productReference = 8A391B7729F9B54400281F1B /* Rick&Morthy.app */;
			productType = "com.apple.product-type.application";
		};
/* End PBXNativeTarget section */

/* Begin PBXProject section */
		8A391B6F29F9B54400281F1B /* Project object */ = {
			isa = PBXProject;
			attributes = {
				BuildIndependentTargetsInParallel = 1;
				LastSwiftUpdateCheck = 1420;
				LastUpgradeCheck = 1420;
				TargetAttributes = {
					8A391B7629F9B54400281F1B = {
						CreatedOnToolsVersion = 14.2;
					};
				};
			};
			buildConfigurationList = 8A391B7229F9B54400281F1B /* Build configuration list for PBXProject "Rick&Morthy" */;
			compatibilityVersion = "Xcode 14.0";
			developmentRegion = en;
			hasScannedForEncodings = 0;
			knownRegions = (
				en,
				Base,
			);
			mainGroup = 8A391B6E29F9B54400281F1B;
			productRefGroup = 8A391B7829F9B54400281F1B /* Products */;
			projectDirPath = "";
			projectRoot = "";
			targets = (
				8A391B7629F9B54400281F1B /* Rick&Morthy */,
			);
		};
/* End PBXProject section */

/* Begin PBXResourcesBuildPhase section */
		8A391B7529F9B54400281F1B /* Resources */ = {
			isa = PBXResourcesBuildPhase;
			buildActionMask = 2147483647;
			files = (
				8A391B8729F9B54600281F1B /* LaunchScreen.storyboard in Resources */,
				8A391B8429F9B54600281F1B /* Assets.xcassets in Resources */,
			);
			runOnlyForDeploymentPostprocessing = 0;
		};
/* End PBXResourcesBuildPhase section */

/* Begin PBXSourcesBuildPhase section */
		8A391B7329F9B54400281F1B /* Sources */ = {
			isa = PBXSourcesBuildPhase;
			buildActionMask = 2147483647;
			files = (
				8A391B9A29F9B6DE00281F1B /* RMEpisode.swift in Sources */,
				8A391B7F29F9B54400281F1B /* RMTabViewController.swift in Sources */,
				8A391B7B29F9B54400281F1B /* AppDelegate.swift in Sources */,
				8A391BA429F9B7AE00281F1B /* RMEpisodeViewController.swift in Sources */,
				8A391B7D29F9B54400281F1B /* SceneDelegate.swift in Sources */,
				8A391BA629F9B7E300281F1B /* RMSettingsViewController.swift in Sources */,
				8A391B9629F9B69D00281F1B /* RMLocation.swift in Sources */,
				8A6E85CE2A0426AF00644761 /* RMEndPoint.swift in Sources */,
				8A391BA029F9B76600281F1B /* RMCharacterViewController.swift in Sources */,
				8A6E85D62A04408100644761 /* RMCharacterStatus.swift in Sources */,
				8A6E85CC2A04269B00644761 /* RMRequest.swift in Sources */,
				8A6E85D82A04419300644761 /* RMCharacterGender.swift in Sources */,
				8A391B9829F9B6C500281F1B /* RMCharacter.swift in Sources */,
				8A6E85D02A04380300644761 /* RMOrign.swift in Sources */,
				8A6E85D22A04389D00644761 /* RMSingleLocation.swift in Sources */,
				8A391BA229F9B78800281F1B /* RMLocationViewController.swift in Sources */,
				8A6E85CA2A04268700644761 /* RMService.swift in Sources */,
				8A391BA829F9BF4800281F1B /* RMTableViewController.swift in Sources */,
			);
			runOnlyForDeploymentPostprocessing = 0;
		};
/* End PBXSourcesBuildPhase section */

/* Begin PBXVariantGroup section */
		8A391B8529F9B54600281F1B /* LaunchScreen.storyboard */ = {
			isa = PBXVariantGroup;
			children = (
				8A391B8629F9B54600281F1B /* Base */,
			);
			name = LaunchScreen.storyboard;
			sourceTree = "<group>";
		};
/* End PBXVariantGroup section */

/* Begin XCBuildConfiguration section */
		8A391B8929F9B54600281F1B /* Debug */ = {
			isa = XCBuildConfiguration;
			buildSettings = {
				ALWAYS_SEARCH_USER_PATHS = NO;
				CLANG_ANALYZER_NONNULL = YES;
				CLANG_ANALYZER_NUMBER_OBJECT_CONVERSION = YES_AGGRESSIVE;
				CLANG_CXX_LANGUAGE_STANDARD = "gnu++20";
				CLANG_ENABLE_MODULES = YES;
				CLANG_ENABLE_OBJC_ARC = YES;
				CLANG_ENABLE_OBJC_WEAK = YES;
				CLANG_WARN_BLOCK_CAPTURE_AUTORELEASING = YES;
				CLANG_WARN_BOOL_CONVERSION = YES;
				CLANG_WARN_COMMA = YES;
				CLANG_WARN_CONSTANT_CONVERSION = YES;
				CLANG_WARN_DEPRECATED_OBJC_IMPLEMENTATIONS = YES;
				CLANG_WARN_DIRECT_OBJC_ISA_USAGE = YES_ERROR;
				CLANG_WARN_DOCUMENTATION_COMMENTS = YES;
				CLANG_WARN_EMPTY_BODY = YES;
				CLANG_WARN_ENUM_CONVERSION = YES;
				CLANG_WARN_INFINITE_RECURSION = YES;
				CLANG_WARN_INT_CONVERSION = YES;
				CLANG_WARN_NON_LITERAL_NULL_CONVERSION = YES;
				CLANG_WARN_OBJC_IMPLICIT_RETAIN_SELF = YES;
				CLANG_WARN_OBJC_LITERAL_CONVERSION = YES;
				CLANG_WARN_OBJC_ROOT_CLASS = YES_ERROR;
				CLANG_WARN_QUOTED_INCLUDE_IN_FRAMEWORK_HEADER = YES;
				CLANG_WARN_RANGE_LOOP_ANALYSIS = YES;
				CLANG_WARN_STRICT_PROTOTYPES = YES;
				CLANG_WARN_SUSPICIOUS_MOVE = YES;
				CLANG_WARN_UNGUARDED_AVAILABILITY = YES_AGGRESSIVE;
				CLANG_WARN_UNREACHABLE_CODE = YES;
				CLANG_WARN__DUPLICATE_METHOD_MATCH = YES;
				COPY_PHASE_STRIP = NO;
				DEBUG_INFORMATION_FORMAT = dwarf;
				ENABLE_STRICT_OBJC_MSGSEND = YES;
				ENABLE_TESTABILITY = YES;
				GCC_C_LANGUAGE_STANDARD = gnu11;
				GCC_DYNAMIC_NO_PIC = NO;
				GCC_NO_COMMON_BLOCKS = YES;
				GCC_OPTIMIZATION_LEVEL = 0;
				GCC_PREPROCESSOR_DEFINITIONS = (
					"DEBUG=1",
					"$(inherited)",
				);
				GCC_WARN_64_TO_32_BIT_CONVERSION = YES;
				GCC_WARN_ABOUT_RETURN_TYPE = YES_ERROR;
				GCC_WARN_UNDECLARED_SELECTOR = YES;
				GCC_WARN_UNINITIALIZED_AUTOS = YES_AGGRESSIVE;
				GCC_WARN_UNUSED_FUNCTION = YES;
				GCC_WARN_UNUSED_VARIABLE = YES;
				IPHONEOS_DEPLOYMENT_TARGET = 16.2;
				MTL_ENABLE_DEBUG_INFO = INCLUDE_SOURCE;
				MTL_FAST_MATH = YES;
				ONLY_ACTIVE_ARCH = YES;
				SDKROOT = iphoneos;
				SWIFT_ACTIVE_COMPILATION_CONDITIONS = DEBUG;
				SWIFT_OPTIMIZATION_LEVEL = "-Onone";
			};
			name = Debug;
		};
		8A391B8A29F9B54600281F1B /* Release */ = {
			isa = XCBuildConfiguration;
			buildSettings = {
				ALWAYS_SEARCH_USER_PATHS = NO;
				CLANG_ANALYZER_NONNULL = YES;
				CLANG_ANALYZER_NUMBER_OBJECT_CONVERSION = YES_AGGRESSIVE;
				CLANG_CXX_LANGUAGE_STANDARD = "gnu++20";
				CLANG_ENABLE_MODULES = YES;
				CLANG_ENABLE_OBJC_ARC = YES;
				CLANG_ENABLE_OBJC_WEAK = YES;
				CLANG_WARN_BLOCK_CAPTURE_AUTORELEASING = YES;
				CLANG_WARN_BOOL_CONVERSION = YES;
				CLANG_WARN_COMMA = YES;
				CLANG_WARN_CONSTANT_CONVERSION = YES;
				CLANG_WARN_DEPRECATED_OBJC_IMPLEMENTATIONS = YES;
				CLANG_WARN_DIRECT_OBJC_ISA_USAGE = YES_ERROR;
				CLANG_WARN_DOCUMENTATION_COMMENTS = YES;
				CLANG_WARN_EMPTY_BODY = YES;
				CLANG_WARN_ENUM_CONVERSION = YES;
				CLANG_WARN_INFINITE_RECURSION = YES;
				CLANG_WARN_INT_CONVERSION = YES;
				CLANG_WARN_NON_LITERAL_NULL_CONVERSION = YES;
				CLANG_WARN_OBJC_IMPLICIT_RETAIN_SELF = YES;
				CLANG_WARN_OBJC_LITERAL_CONVERSION = YES;
				CLANG_WARN_OBJC_ROOT_CLASS = YES_ERROR;
				CLANG_WARN_QUOTED_INCLUDE_IN_FRAMEWORK_HEADER = YES;
				CLANG_WARN_RANGE_LOOP_ANALYSIS = YES;
				CLANG_WARN_STRICT_PROTOTYPES = YES;
				CLANG_WARN_SUSPICIOUS_MOVE = YES;
				CLANG_WARN_UNGUARDED_AVAILABILITY = YES_AGGRESSIVE;
				CLANG_WARN_UNREACHABLE_CODE = YES;
				CLANG_WARN__DUPLICATE_METHOD_MATCH = YES;
				COPY_PHASE_STRIP = NO;
				DEBUG_INFORMATION_FORMAT = "dwarf-with-dsym";
				ENABLE_NS_ASSERTIONS = NO;
				ENABLE_STRICT_OBJC_MSGSEND = YES;
				GCC_C_LANGUAGE_STANDARD = gnu11;
				GCC_NO_COMMON_BLOCKS = YES;
				GCC_WARN_64_TO_32_BIT_CONVERSION = YES;
				GCC_WARN_ABOUT_RETURN_TYPE = YES_ERROR;
				GCC_WARN_UNDECLARED_SELECTOR = YES;
				GCC_WARN_UNINITIALIZED_AUTOS = YES_AGGRESSIVE;
				GCC_WARN_UNUSED_FUNCTION = YES;
				GCC_WARN_UNUSED_VARIABLE = YES;
				IPHONEOS_DEPLOYMENT_TARGET = 16.2;
				MTL_ENABLE_DEBUG_INFO = NO;
				MTL_FAST_MATH = YES;
				SDKROOT = iphoneos;
				SWIFT_COMPILATION_MODE = wholemodule;
				SWIFT_OPTIMIZATION_LEVEL = "-O";
				VALIDATE_PRODUCT = YES;
			};
			name = Release;
		};
		8A391B8C29F9B54600281F1B /* Debug */ = {
			isa = XCBuildConfiguration;
			buildSettings = {
				ASSETCATALOG_COMPILER_APPICON_NAME = AppIcon;
				ASSETCATALOG_COMPILER_GLOBAL_ACCENT_COLOR_NAME = AccentColor;
				CODE_SIGN_STYLE = Automatic;
				CURRENT_PROJECT_VERSION = 1;
				DEVELOPMENT_TEAM = W4BDNH48SW;
				GENERATE_INFOPLIST_FILE = YES;
				INFOPLIST_FILE = "Rick&Morthy/Info.plist";
				INFOPLIST_KEY_UIApplicationSupportsIndirectInputEvents = YES;
				INFOPLIST_KEY_UILaunchStoryboardName = LaunchScreen;
				INFOPLIST_KEY_UISupportedInterfaceOrientations_iPad = "UIInterfaceOrientationPortrait UIInterfaceOrientationPortraitUpsideDown UIInterfaceOrientationLandscapeLeft UIInterfaceOrientationLandscapeRight";
				INFOPLIST_KEY_UISupportedInterfaceOrientations_iPhone = "UIInterfaceOrientationPortrait UIInterfaceOrientationLandscapeLeft UIInterfaceOrientationLandscapeRight";
				LD_RUNPATH_SEARCH_PATHS = (
					"$(inherited)",
					"@executable_path/Frameworks",
				);
				MARKETING_VERSION = 1.0;
				PRODUCT_BUNDLE_IDENTIFIER = "com.mukhammademin.Rick-Morthy";
				PRODUCT_NAME = "$(TARGET_NAME)";
				SWIFT_EMIT_LOC_STRINGS = YES;
				SWIFT_VERSION = 5.0;
				TARGETED_DEVICE_FAMILY = "1,2";
			};
			name = Debug;
		};
		8A391B8D29F9B54600281F1B /* Release */ = {
			isa = XCBuildConfiguration;
			buildSettings = {
				ASSETCATALOG_COMPILER_APPICON_NAME = AppIcon;
				ASSETCATALOG_COMPILER_GLOBAL_ACCENT_COLOR_NAME = AccentColor;
				CODE_SIGN_STYLE = Automatic;
				CURRENT_PROJECT_VERSION = 1;
				DEVELOPMENT_TEAM = W4BDNH48SW;
				GENERATE_INFOPLIST_FILE = YES;
				INFOPLIST_FILE = "Rick&Morthy/Info.plist";
				INFOPLIST_KEY_UIApplicationSupportsIndirectInputEvents = YES;
				INFOPLIST_KEY_UILaunchStoryboardName = LaunchScreen;
				INFOPLIST_KEY_UISupportedInterfaceOrientations_iPad = "UIInterfaceOrientationPortrait UIInterfaceOrientationPortraitUpsideDown UIInterfaceOrientationLandscapeLeft UIInterfaceOrientationLandscapeRight";
				INFOPLIST_KEY_UISupportedInterfaceOrientations_iPhone = "UIInterfaceOrientationPortrait UIInterfaceOrientationLandscapeLeft UIInterfaceOrientationLandscapeRight";
				LD_RUNPATH_SEARCH_PATHS = (
					"$(inherited)",
					"@executable_path/Frameworks",
				);
				MARKETING_VERSION = 1.0;
				PRODUCT_BUNDLE_IDENTIFIER = "com.mukhammademin.Rick-Morthy";
				PRODUCT_NAME = "$(TARGET_NAME)";
				SWIFT_EMIT_LOC_STRINGS = YES;
				SWIFT_VERSION = 5.0;
				TARGETED_DEVICE_FAMILY = "1,2";
			};
			name = Release;
		};
/* End XCBuildConfiguration section */

/* Begin XCConfigurationList section */
		8A391B7229F9B54400281F1B /* Build configuration list for PBXProject "Rick&Morthy" */ = {
			isa = XCConfigurationList;
			buildConfigurations = (
				8A391B8929F9B54600281F1B /* Debug */,
				8A391B8A29F9B54600281F1B /* Release */,
			);
			defaultConfigurationIsVisible = 0;
			defaultConfigurationName = Release;
		};
		8A391B8B29F9B54600281F1B /* Build configuration list for PBXNativeTarget "Rick&Morthy" */ = {
			isa = XCConfigurationList;
			buildConfigurations = (
				8A391B8C29F9B54600281F1B /* Debug */,
				8A391B8D29F9B54600281F1B /* Release */,
			);
			defaultConfigurationIsVisible = 0;
			defaultConfigurationName = Release;
		};
/* End XCConfigurationList section */
	};
	rootObject = 8A391B6F29F9B54400281F1B /* Project object */;
}
